{
    "_readme": [
        "This file locks the dependencies of your project to a known state",
        "Read more about it at https://getcomposer.org/doc/01-basic-usage.md#installing-dependencies",
        "This file is @generated automatically"
    ],
    "content-hash": "09f1d7ac7441470da0cc3546474e1dc8",
    "packages": [
        {
            "name": "bower-asset/jquery",
            "version": "3.3.1",
            "source": {
                "type": "git",
                "url": "git@github.com:jquery/jquery-dist.git",
                "reference": "9e8ec3d10fad04748176144f108d7355662ae75e"
            },
            "dist": {
                "type": "zip",
                "url": "https://api.github.com/repos/jquery/jquery-dist/zipball/9e8ec3d10fad04748176144f108d7355662ae75e",
                "reference": "9e8ec3d10fad04748176144f108d7355662ae75e"
            },
            "type": "bower-asset",
            "license": [
                "MIT"
            ]
        }
    ],
    "packages-dev": [],
    "aliases": [],
    "minimum-stability": "dev",
    "stability-flags": [],
    "prefer-stable": false,
    "prefer-lowest": false,
    "platform": [],
    "platform-dev": [],
    "plugin-api-version": "1.1.0"
}
